git.gammaspectra.live/P2Pool/blake2b v0.42.1 h1:Y8wR9XTCA95MWXULzydAvj/8+td2/oHb7SWtbwAXpOA=
git.gammaspectra.live/P2Pool/blake2b v0.42.1/go.mod h1:BYEHzMel96uAsRcarHolru4XoteQvZclIQl639MzyF8=
git.gammaspectra.live/P2Pool/edwards25519 v0.0.0-20251031164326-a942198b375f h1:WML0DYANuuX9vH6h5bJEdIWW8ZigGZ9s+LyynSfD3Ug=
git.gammaspectra.live/P2Pool/edwards25519 v0.0.0-20251031164326-a942198b375f/go.mod h1:FZsrMWGucMP3SZamzrd7m562geIs5zp1O/9MGoiAKH0=
git.gammaspectra.live/P2Pool/go-json v0.0.0-20250621110326-6e32b22271c3 h1:WWvaMmjJ4ThS2d0Lg+nNspkmDb3pS39VPv0PGum9NRo=
git.gammaspectra.live/P2Pool/go-json v0.0.0-20250621110326-6e32b22271c3/go.mod h1:X9PvT0fmWrU1I+BiDUjMypUWdsWFm24QCW1sWxbzT8w=
git.gammaspectra.live/P2Pool/go-randomx/v4 v4.4.1 h1:ixpWkQ26YTsamb+X5qN+jSmcWxS5l/QntGaT9r0h38w=
git.gammaspectra.live/P2Pool/go-randomx/v4 v4.4.1/go.mod h1:9PR7tnPj7w824P0NhO1fSthIBCwtQZbciyImsNcXsOA=
git.gammaspectra.live/P2Pool/helioselene v0.0.0-20251121171618-90ad8cf03c15 h1:CXvZxZmFn7fw7kCAXRL4Te/Zah0j5oX7ycan3rlf5P8=
git.gammaspectra.live/P2Pool/helioselene v0.0.0-20251121171618-90ad8cf03c15/go.mod h1:aHEMH8czZOH/8grRPPN3cO1fnnRseWobWdJm/mpkocQ=
git.gammaspectra.live/P2Pool/monero-base58 v1.0.0 h1:s8LZxVNc93YEs2NCCNWZ7CKr8RbEb031y6Wkvhn+TS4=
git.gammaspectra.live/P2Pool/monero-base58 v1.0.0/go.mod h1:WWEJy/AdWKxKAruvlKI82brw+DtVlePy0ct3ZiBlc68=
git.gammaspectra.live/P2Pool/randomx-go-bindings v1.0.0 h1:tajr4QFSPrb8NtHmU14JaXdhr+z+0RbOBLIgUDI5Tow=
git.gammaspectra.live/P2Pool/randomx-go-bindings v1.0.0/go.mod h1:S17NNidG5hxqaVLsSykKqDBg/hTPSzP0KcSwXfH8WIA=
git.gammaspectra.live/P2Pool/softfloat64 v1.0.2 h1:2rP6n4Y0XBEYePjjqApFFrrhaQbrk0uHg/gfe/DQWbI=
git.gammaspectra.live/P2Pool/softfloat64 v1.0.2/go.mod h1:ZhnGqXOS6F6aJpiiT38Cvk5eHoBNqjkKfp3w3AcnomA=
git.gammaspectra.live/P2Pool/zmq4 v0.99.0 h1:DYjOTqZKurPLn+/OvC8wFE0+cMnw9bp6CQnzwqAbrXA=
git.gammaspectra.live/P2Pool/zmq4 v0.99.0/go.mod h1:VZEQMCQTRVzrvGZl1E225PPKHl9UQ47CEBvrYkqWKZs=
github.com/hashicorp/golang-lru/v2 v2.0.7 h1:a+bsQ5rvGLjzHuww6tVxozPZFVghXaHOwFs4luLUK2k=
github.com/hashicorp/golang-lru/v2 v2.0.7/go.mod h1:QeFd9opnmA6QUJc5vARoKUSoFhyfM2/ZepoAG6RGpeM=
github.com/tmthrgd/go-hex v0.0.0-20190904060850-447a3041c3bc h1:9lRDQMhESg+zvGYmW5DyG0UqvY96Bu5QYsTLvCHdrgo=
github.com/tmthrgd/go-hex v0.0.0-20190904060850-447a3041c3bc/go.mod h1:bciPuU6GHm1iF1pBvUfxfsH0Wmnc2VbpgvbI9ZWuIRs=
github.com/ulikunitz/xz v0.5.15 h1:9DNdB5s+SgV3bQ2ApL10xRc35ck0DuIX/isZvIk+ubY=
github.com/ulikunitz/xz v0.5.15/go.mod h1:nbz6k7qbPmH4IRqmfOplQw/tblSgqTqBwxkY0oWt/14=
golang.org/x/crypto v0.45.0 h1:jMBrvKuj23MTlT0bQEOBcAE0mjg8mK9RXFhRH6nyF3Q=
golang.org/x/crypto v0.45.0/go.mod h1:XTGrrkGJve7CYK7J8PEww4aY7gM3qMCElcJQ8n8JdX4=
golang.org/x/net v0.47.0 h1:Mx+4dIFzqraBXUugkia1OOvlD6LemFo1ALMHjrXDOhY=
golang.org/x/net v0.47.0/go.mod h1:/jNxtkgq5yWUGYkaZGqo27cfGZ1c5Nen03aYrrKpVRU=
golang.org/x/sync v0.18.0 h1:kr88TuHDroi+UVf+0hZnirlk8o8T+4MrK6mr60WkH/I=
golang.org/x/sync v0.18.0/go.mod h1:9KTHXmSnoGruLpwFjVSX0lNNA75CykiMECbovNTZqGI=
golang.org/x/sys v0.38.0 h1:3yZWxaJjBmCWXqhN1qh02AkOnCQ1poK6oF+a7xWL6Gc=
golang.org/x/sys v0.38.0/go.mod h1:OgkHotnGiDImocRcuBABYBEXf8A9a87e/uXjp9XT3ks=
lukechampine.com/uint128 v1.3.0 h1:cDdUVfRwDUDovz610ABgFD17nXD4/uDgVHl2sC3+sbo=
lukechampine.com/uint128 v1.3.0/go.mod h1:c4eWIwlEGaxC/+H1VguhU4PHXNWDCDMUlWdIWl2j1gk=
